
Microsoft Visual Studio Solution File, Format Version 12.00
# Visual Studio Version 17
VisualStudioVersion = 17.2.32630.192
MinimumVisualStudioVersion = 10.0.40219.1
Project("{8BC9CEB8-8B4A-11D0-8D11-00A0C91BC942}") = "Comp_graphics", "Comp_graphics\Comp_graphics.vcxproj", "{03F64886-092D-4055-A1C2-9DA1018E572E}"
EndProject
Project("{8BC9CEB8-8B4A-11D0-8D11-00A0C91BC942}") = "Comp_graphics_2", "Comp_graphics_2\Comp_graphics_2.vcxproj", "{EFAA7470-62B6-4CA7-9AF8-E5116C4BDF9A}"
EndProject
Global
	GlobalSection(SolutionConfigurationPlatforms) = preSolution
		Debug|x64 = Debug|x64
		Debug|x86 = Debug|x86
		Release|x64 = Release|x64
		Release|x86 = Release|x86
	EndGlobalSection
	GlobalSection(ProjectConfigurationPlatforms) = postSolution
		{03F64886-092D-4055-A1C2-9DA1018E572E}.Debug|x64.ActiveCfg = Debug|x64
		{03F64886-092D-4055-A1C2-9DA1018E572E}.Debug|x64.Build.0 = Debug|x64
		{03F64886-092D-4055-A1C2-9DA1018E572E}.Debug|x86.ActiveCfg = Debug|Win32
		{03F64886-092D-4055-A1C2-9DA1018E572E}.Debug|x86.Build.0 = Debug|Win32
		{03F64886-092D-4055-A1C2-9DA1018E572E}.Release|x64.ActiveCfg = Release|x64
		{03F64886-092D-4055-A1C2-9DA1018E572E}.Release|x64.Build.0 = Release|x64
		{03F64886-092D-4055-A1C2-9DA1018E572E}.Release|x86.ActiveCfg = Release|Win32
		{03F64886-092D-4055-A1C2-9DA1018E572E}.Release|x86.Build.0 = Release|Win32
		{EFAA7470-62B6-4CA7-9AF8-E5116C4BDF9A}.Debug|x64.ActiveCfg = Debug|x64
		{EFAA7470-62B6-4CA7-9AF8-E5116C4BDF9A}.Debug|x64.Build.0 = Debug|x64
		{EFAA7470-62B6-4CA7-9AF8-E5116C4BDF9A}.Debug|x86.ActiveCfg = Debug|Win32
		{EFAA7470-62B6-4CA7-9AF8-E5116C4BDF9A}.Debug|x86.Build.0 = Debug|Win32
		{EFAA7470-62B6-4CA7-9AF8-E5116C4BDF9A}.Release|x64.ActiveCfg = Release|x64
		{EFAA7470-62B6-4CA7-9AF8-E5116C4BDF9A}.Release|x64.Build.0 = Release|x64
		{EFAA7470-62B6-4CA7-9AF8-E5116C4BDF9A}.Release|x86.ActiveCfg = Release|Win32
		{EFAA7470-62B6-4CA7-9AF8-E5116C4BDF9A}.Release|x86.Build.0 = Release|Win32
	EndGlobalSection
	GlobalSection(SolutionProperties) = preSolution
		HideSolutionNode = FALSE
	EndGlobalSection
	GlobalSection(ExtensibilityGlobals) = postSolution
		SolutionGuid = {E2E96744-606C-4905-91BA-6C082AC71C38}
	EndGlobalSection
EndGlobal
